
Microsoft Visual Studio Solution File, Format Version 12.00
# Visual Studio Version 17
VisualStudioVersion = 17.9.34728.123
MinimumVisualStudioVersion = 10.0.40219.1
Project("{FAE04EC0-301F-11D3-BF4B-00C04F79EFBC}") = "JSONSerializer", "JSONSerializer\JSONSerializer.csproj", "{FC1D3B30-0988-4AC2-814D-FB2463138098}"
EndProject
Global
	GlobalSection(SolutionConfigurationPlatforms) = preSolution
		Debug|Any CPU = Debug|Any CPU
		Release|Any CPU = Release|Any CPU
	EndGlobalSection
	GlobalSection(ProjectConfigurationPlatforms) = postSolution
		{FC1D3B30-0988-4AC2-814D-FB2463138098}.Debug|Any CPU.ActiveCfg = Debug|Any CPU
		{FC1D3B30-0988-4AC2-814D-FB2463138098}.Debug|Any CPU.Build.0 = Debug|Any CPU
		{FC1D3B30-0988-4AC2-814D-FB2463138098}.Release|Any CPU.ActiveCfg = Release|Any CPU
		{FC1D3B30-0988-4AC2-814D-FB2463138098}.Release|Any CPU.Build.0 = Release|Any CPU
	EndGlobalSection
	GlobalSection(SolutionProperties) = preSolution
		HideSolutionNode = FALSE
	EndGlobalSection
	GlobalSection(ExtensibilityGlobals) = postSolution
		SolutionGuid = {15B1E2FA-9929-43BC-9FB0-012FD4BE36DA}
	EndGlobalSection
EndGlobal
